
Microsoft Visual Studio Solution File, Format Version 12.00
# Visual Studio Version 17
VisualStudioVersion = 17.1.32228.430
MinimumVisualStudioVersion = 10.0.40219.1
Project("{FAE04EC0-301F-11D3-BF4B-00C04F79EFBC}") = "StegoHelper", "StegoHelper\StegoHelper.csproj", "{0BA90B60-B364-4520-8058-A63A4D4E3330}"
EndProject
Global
	GlobalSection(SolutionConfigurationPlatforms) = preSolution
		Debug|Any CPU = Debug|Any CPU
		Release|Any CPU = Release|Any CPU
	EndGlobalSection
	GlobalSection(ProjectConfigurationPlatforms) = postSolution
		{0BA90B60-B364-4520-8058-A63A4D4E3330}.Debug|Any CPU.ActiveCfg = Debug|Any CPU
		{0BA90B60-B364-4520-8058-A63A4D4E3330}.Debug|Any CPU.Build.0 = Debug|Any CPU
		{0BA90B60-B364-4520-8058-A63A4D4E3330}.Release|Any CPU.ActiveCfg = Release|Any CPU
		{0BA90B60-B364-4520-8058-A63A4D4E3330}.Release|Any CPU.Build.0 = Release|Any CPU
	EndGlobalSection
	GlobalSection(SolutionProperties) = preSolution
		HideSolutionNode = FALSE
	EndGlobalSection
	GlobalSection(ExtensibilityGlobals) = postSolution
		SolutionGuid = {E82C71C2-6476-43AF-B86A-D30BDDFB6966}
	EndGlobalSection
EndGlobal
